{
  "nodes": {
    "nixpkgs": {
      "locked": {
        "lastModified": 1604754456,
        "narHash": "sha256-aGfUHnnRnQ8Gm6YQ5MluqEPY2FsHxC8m1Pno1itH6nU=",
        "owner": "NixOS",
        "repo": "nixpkgs",
        "rev": "04b374eb9c843aa275c3f7483f322cf599677d7d",
        "type": "github"
      },
      "original": {
        "id": "nixpkgs",
        "type": "indirect"
      }
    },
    "root": {
      "inputs": {
        "nixpkgs": "nixpkgs"
      }
    }
  },
  "root": "root",
  "version": 7
}
